
Microsoft Visual Studio Solution File, Format Version 12.00
# Visual Studio Version 17
VisualStudioVersion = 17.4.33122.133
MinimumVisualStudioVersion = 10.0.40219.1
Project("{FAE04EC0-301F-11D3-BF4B-00C04F79EFBC}") = "Web", "Web\Web.csproj", "{7BD3507A-E1C1-4DEC-9BFA-4CFBB758C898}"
EndProject
Global
	GlobalSection(SolutionConfigurationPlatforms) = preSolution
		Debug|Any CPU = Debug|Any CPU
		Release|Any CPU = Release|Any CPU
	EndGlobalSection
	GlobalSection(ProjectConfigurationPlatforms) = postSolution
		{7BD3507A-E1C1-4DEC-9BFA-4CFBB758C898}.Debug|Any CPU.ActiveCfg = Debug|Any CPU
		{7BD3507A-E1C1-4DEC-9BFA-4CFBB758C898}.Debug|Any CPU.Build.0 = Debug|Any CPU
		{7BD3507A-E1C1-4DEC-9BFA-4CFBB758C898}.Release|Any CPU.ActiveCfg = Release|Any CPU
		{7BD3507A-E1C1-4DEC-9BFA-4CFBB758C898}.Release|Any CPU.Build.0 = Release|Any CPU
	EndGlobalSection
	GlobalSection(SolutionProperties) = preSolution
		HideSolutionNode = FALSE
	EndGlobalSection
	GlobalSection(ExtensibilityGlobals) = postSolution
		SolutionGuid = {0202B038-4D1A-42DC-B325-169270CFBDB7}
	EndGlobalSection
EndGlobal
